// !$*UTF8*$!
{
	archiveVersion = 1;
	classes = {
	};
	objectVersion = 46;
	objects = {

/* Begin PBXBuildFile section */
		5B25587C18683D970034DD14 /* CFNetwork.framework in Frameworks */ = {isa = PBXBuildFile; fileRef = 5B25587B18683D970034DD14 /* CFNetwork.framework */; };
		5B25587E18683DA90034DD14 /* MobileCoreServices.framework in Frameworks */ = {isa = PBXBuildFile; fileRef = 5B25587D18683DA90034DD14 /* MobileCoreServices.framework */; };
		5B25588018683DB20034DD14 /* Security.framework in Frameworks */ = {isa = PBXBuildFile; fileRef = 5B25587F18683DB20034DD14 /* Security.framework */; };
		5B25588218683DBB0034DD14 /* SystemConfiguration.framework in Frameworks */ = {isa = PBXBuildFile; fileRef = 5B25588118683DBB0034DD14 /* SystemConfiguration.framework */; };
		5B25588418683DCE0034DD14 /* libz.dylib in Frameworks */ = {isa = PBXBuildFile; fileRef = 5B25588318683DCE0034DD14 /* libz.dylib */; };
		5B25589E18683EBA0034DD14 /* ASIAuthenticationDialog.m in Sources */ = {isa = PBXBuildFile; fileRef = 5B25588818683EBA0034DD14 /* ASIAuthenticationDialog.m */; settings = {COMPILER_FLAGS = "-fno-objc-arc"; }; };
		5B25589F18683EBA0034DD14 /* ASIDataCompressor.m in Sources */ = {isa = PBXBuildFile; fileRef = 5B25588B18683EBA0034DD14 /* ASIDataCompressor.m */; settings = {COMPILER_FLAGS = "-fno-objc-arc"; }; };
		5B2558A018683EBA0034DD14 /* ASIDataDecompressor.m in Sources */ = {isa = PBXBuildFile; fileRef = 5B25588D18683EBA0034DD14 /* ASIDataDecompressor.m */; settings = {COMPILER_FLAGS = "-fno-objc-arc"; }; };
		5B2558A118683EBA0034DD14 /* ASIDownloadCache.m in Sources */ = {isa = PBXBuildFile; fileRef = 5B25588F18683EBA0034DD14 /* ASIDownloadCache.m */; settings = {COMPILER_FLAGS = "-fno-objc-arc"; }; };
		5B2558A218683EBA0034DD14 /* ASIFormDataRequest.m in Sources */ = {isa = PBXBuildFile; fileRef = 5B25589118683EBA0034DD14 /* ASIFormDataRequest.m */; settings = {COMPILER_FLAGS = "-fno-objc-arc"; }; };
		5B2558A318683EBA0034DD14 /* ASIHTTPRequest.m in Sources */ = {isa = PBXBuildFile; fileRef = 5B25589318683EBA0034DD14 /* ASIHTTPRequest.m */; settings = {COMPILER_FLAGS = "-fno-objc-arc"; }; };
		5B2558A418683EBA0034DD14 /* ASIInputStream.m in Sources */ = {isa = PBXBuildFile; fileRef = 5B25589718683EBA0034DD14 /* ASIInputStream.m */; settings = {COMPILER_FLAGS = "-fno-objc-arc"; }; };
		5B2558A518683EBA0034DD14 /* ASINetworkQueue.m in Sources */ = {isa = PBXBuildFile; fileRef = 5B25589918683EBA0034DD14 /* ASINetworkQueue.m */; settings = {COMPILER_FLAGS = "-fno-objc-arc"; }; };
		5B2558A618683EBA0034DD14 /* Reachability.m in Sources */ = {isa = PBXBuildFile; fileRef = 5B25589D18683EBA0034DD14 /* Reachability.m */; };
		5B2558B518683FB00034DD14 /* FMDatabase+InMemoryOnDiskIO.m in Sources */ = {isa = PBXBuildFile; fileRef = 5B2558AA18683FB00034DD14 /* FMDatabase+InMemoryOnDiskIO.m */; };
		5B2558B618683FB00034DD14 /* FMDatabase.m in Sources */ = {isa = PBXBuildFile; fileRef = 5B2558AC18683FB00034DD14 /* FMDatabase.m */; };
		5B2558B718683FB00034DD14 /* FMDatabaseAdditions.m in Sources */ = {isa = PBXBuildFile; fileRef = 5B2558AE18683FB00034DD14 /* FMDatabaseAdditions.m */; };
		5B2558B818683FB00034DD14 /* FMDatabasePool.m in Sources */ = {isa = PBXBuildFile; fileRef = 5B2558B018683FB00034DD14 /* FMDatabasePool.m */; };
		5B2558B918683FB00034DD14 /* FMDatabaseQueue.m in Sources */ = {isa = PBXBuildFile; fileRef = 5B2558B218683FB00034DD14 /* FMDatabaseQueue.m */; };
		5B2558BA18683FB00034DD14 /* FMResultSet.m in Sources */ = {isa = PBXBuildFile; fileRef = 5B2558B418683FB00034DD14 /* FMResultSet.m */; };
		5B2558BC18683FC20034DD14 /* libsqlite3.0.dylib in Frameworks */ = {isa = PBXBuildFile; fileRef = 5B2558BB18683FC20034DD14 /* libsqlite3.0.dylib */; };
		5B2558C7186840C50034DD14 /* NSData+Base64.m in Sources */ = {isa = PBXBuildFile; fileRef = 5B2558C0186840C50034DD14 /* NSData+Base64.m */; };
		5B2558C8186840C50034DD14 /* NSString+Base64.m in Sources */ = {isa = PBXBuildFile; fileRef = 5B2558C2186840C50034DD14 /* NSString+Base64.m */; };
		5B2558C9186840C50034DD14 /* JSONKit.m in Sources */ = {isa = PBXBuildFile; fileRef = 5B2558C6186840C50034DD14 /* JSONKit.m */; settings = {COMPILER_FLAGS = "-fno-objc-arc"; }; };
		5B2558DF1868471E0034DD14 /* DDAbstractDatabaseLogger.m in Sources */ = {isa = PBXBuildFile; fileRef = 5B2558CD1868471E0034DD14 /* DDAbstractDatabaseLogger.m */; };
		5B2558E01868471E0034DD14 /* DDASLLogger.m in Sources */ = {isa = PBXBuildFile; fileRef = 5B2558CF1868471E0034DD14 /* DDASLLogger.m */; };
		5B2558E11868471E0034DD14 /* DDFileLogger.m in Sources */ = {isa = PBXBuildFile; fileRef = 5B2558D11868471E0034DD14 /* DDFileLogger.m */; };
		5B2558E21868471E0034DD14 /* DDLog.m in Sources */ = {isa = PBXBuildFile; fileRef = 5B2558D41868471E0034DD14 /* DDLog.m */; };
		5B2558E31868471E0034DD14 /* DDTTYLogger.m in Sources */ = {isa = PBXBuildFile; fileRef = 5B2558D61868471E0034DD14 /* DDTTYLogger.m */; };
		5B2558E41868471E0034DD14 /* DDContextFilterLogFormatter.m in Sources */ = {isa = PBXBuildFile; fileRef = 5B2558D91868471E0034DD14 /* DDContextFilterLogFormatter.m */; };
		5B2558E51868471E0034DD14 /* DDDispatchQueueLogFormatter.m in Sources */ = {isa = PBXBuildFile; fileRef = 5B2558DB1868471E0034DD14 /* DDDispatchQueueLogFormatter.m */; };
		5B2558E61868471E0034DD14 /* DDMultiFormatter.m in Sources */ = {isa = PBXBuildFile; fileRef = 5B2558DD1868471E0034DD14 /* DDMultiFormatter.m */; };
		5B2558E71868471E0034DD14 /* README.txt in Resources */ = {isa = PBXBuildFile; fileRef = 5B2558DE1868471E0034DD14 /* README.txt */; };
		5B6B13541863F91200478F28 /* Foundation.framework in Frameworks */ = {isa = PBXBuildFile; fileRef = 5B6B13531863F91200478F28 /* Foundation.framework */; };
		5B6B13561863F91200478F28 /* CoreGraphics.framework in Frameworks */ = {isa = PBXBuildFile; fileRef = 5B6B13551863F91200478F28 /* CoreGraphics.framework */; };
		5B6B13581863F91200478F28 /* UIKit.framework in Frameworks */ = {isa = PBXBuildFile; fileRef = 5B6B13571863F91200478F28 /* UIKit.framework */; };
		5B6B135E1863F91200478F28 /* InfoPlist.strings in Resources */ = {isa = PBXBuildFile; fileRef = 5B6B135C1863F91200478F28 /* InfoPlist.strings */; };
		5B6B13601863F91200478F28 /* main.m in Sources */ = {isa = PBXBuildFile; fileRef = 5B6B135F1863F91200478F28 /* main.m */; };
		5B6B13641863F91200478F28 /* hplAppDelegate.m in Sources */ = {isa = PBXBuildFile; fileRef = 5B6B13631863F91200478F28 /* hplAppDelegate.m */; };
		5B6B13661863F91200478F28 /* Images.xcassets in Resources */ = {isa = PBXBuildFile; fileRef = 5B6B13651863F91200478F28 /* Images.xcassets */; };
		5B6B136D1863F91200478F28 /* XCTest.framework in Frameworks */ = {isa = PBXBuildFile; fileRef = 5B6B136C1863F91200478F28 /* XCTest.framework */; };
		5B6B136E1863F91200478F28 /* Foundation.framework in Frameworks */ = {isa = PBXBuildFile; fileRef = 5B6B13531863F91200478F28 /* Foundation.framework */; };
		5B6B136F1863F91200478F28 /* UIKit.framework in Frameworks */ = {isa = PBXBuildFile; fileRef = 5B6B13571863F91200478F28 /* UIKit.framework */; };
		5B6B13771863F91200478F28 /* InfoPlist.strings in Resources */ = {isa = PBXBuildFile; fileRef = 5B6B13751863F91200478F28 /* InfoPlist.strings */; };
		5B6B13791863F91200478F28 /* CustomizedMethodTests.m in Sources */ = {isa = PBXBuildFile; fileRef = 5B6B13781863F91200478F28 /* CustomizedMethodTests.m */; };
/* End PBXBuildFile section */

/* Begin PBXContainerItemProxy section */
		5B6B13701863F91200478F28 /* PBXContainerItemProxy */ = {
			isa = PBXContainerItemProxy;
			containerPortal = 5B6B13481863F91200478F28 /* Project object */;
			proxyType = 1;
			remoteGlobalIDString = 5B6B134F1863F91200478F28;
			remoteInfo = CustomizedMethod;
		};
/* End PBXContainerItemProxy section */

/* Begin PBXFileReference section */
		5B25587B18683D970034DD14 /* CFNetwork.framework */ = {isa = PBXFileReference; lastKnownFileType = wrapper.framework; name = CFNetwork.framework; path = System/Library/Frameworks/CFNetwork.framework; sourceTree = SDKROOT; };
		5B25587D18683DA90034DD14 /* MobileCoreServices.framework */ = {isa = PBXFileReference; lastKnownFileType = wrapper.framework; name = MobileCoreServices.framework; path = System/Library/Frameworks/MobileCoreServices.framework; sourceTree = SDKROOT; };
		5B25587F18683DB20034DD14 /* Security.framework */ = {isa = PBXFileReference; lastKnownFileType = wrapper.framework; name = Security.framework; path = System/Library/Frameworks/Security.framework; sourceTree = SDKROOT; };
		5B25588118683DBB0034DD14 /* SystemConfiguration.framework */ = {isa = PBXFileReference; lastKnownFileType = wrapper.framework; name = SystemConfiguration.framework; path = System/Library/Frameworks/SystemConfiguration.framework; sourceTree = SDKROOT; };
		5B25588318683DCE0034DD14 /* libz.dylib */ = {isa = PBXFileReference; lastKnownFileType = "compiled.mach-o.dylib"; name = libz.dylib; path = usr/lib/libz.dylib; sourceTree = SDKROOT; };
		5B25588718683EBA0034DD14 /* ASIAuthenticationDialog.h */ = {isa = PBXFileReference; fileEncoding = 4; lastKnownFileType = sourcecode.c.h; path = ASIAuthenticationDialog.h; sourceTree = "<group>"; };
		5B25588818683EBA0034DD14 /* ASIAuthenticationDialog.m */ = {isa = PBXFileReference; fileEncoding = 4; lastKnownFileType = sourcecode.c.objc; path = ASIAuthenticationDialog.m; sourceTree = "<group>"; };
		5B25588918683EBA0034DD14 /* ASICacheDelegate.h */ = {isa = PBXFileReference; fileEncoding = 4; lastKnownFileType = sourcecode.c.h; path = ASICacheDelegate.h; sourceTree = "<group>"; };
		5B25588A18683EBA0034DD14 /* ASIDataCompressor.h */ = {isa = PBXFileReference; fileEncoding = 4; lastKnownFileType = sourcecode.c.h; path = ASIDataCompressor.h; sourceTree = "<group>"; };
		5B25588B18683EBA0034DD14 /* ASIDataCompressor.m */ = {isa = PBXFileReference; fileEncoding = 4; lastKnownFileType = sourcecode.c.objc; path = ASIDataCompressor.m; sourceTree = "<group>"; };
		5B25588C18683EBA0034DD14 /* ASIDataDecompressor.h */ = {isa = PBXFileReference; fileEncoding = 4; lastKnownFileType = sourcecode.c.h; path = ASIDataDecompressor.h; sourceTree = "<group>"; };
		5B25588D18683EBA0034DD14 /* ASIDataDecompressor.m */ = {isa = PBXFileReference; fileEncoding = 4; lastKnownFileType = sourcecode.c.objc; path = ASIDataDecompressor.m; sourceTree = "<group>"; };
		5B25588E18683EBA0034DD14 /* ASIDownloadCache.h */ = {isa = PBXFileReference; fileEncoding = 4; lastKnownFileType = sourcecode.c.h; path = ASIDownloadCache.h; sourceTree = "<group>"; };
		5B25588F18683EBA0034DD14 /* ASIDownloadCache.m */ = {isa = PBXFileReference; fileEncoding = 4; lastKnownFileType = sourcecode.c.objc; path = ASIDownloadCache.m; sourceTree = "<group>"; };
		5B25589018683EBA0034DD14 /* ASIFormDataRequest.h */ = {isa = PBXFileReference; fileEncoding = 4; lastKnownFileType = sourcecode.c.h; path = ASIFormDataRequest.h; sourceTree = "<group>"; };
		5B25589118683EBA0034DD14 /* ASIFormDataRequest.m */ = {isa = PBXFileReference; fileEncoding = 4; lastKnownFileType = sourcecode.c.objc; path = ASIFormDataRequest.m; sourceTree = "<group>"; };
		5B25589218683EBA0034DD14 /* ASIHTTPRequest.h */ = {isa = PBXFileReference; fileEncoding = 4; lastKnownFileType = sourcecode.c.h; path = ASIHTTPRequest.h; sourceTree = "<group>"; };
		5B25589318683EBA0034DD14 /* ASIHTTPRequest.m */ = {isa = PBXFileReference; fileEncoding = 4; lastKnownFileType = sourcecode.c.objc; path = ASIHTTPRequest.m; sourceTree = "<group>"; };
		5B25589418683EBA0034DD14 /* ASIHTTPRequestConfig.h */ = {isa = PBXFileReference; fileEncoding = 4; lastKnownFileType = sourcecode.c.h; path = ASIHTTPRequestConfig.h; sourceTree = "<group>"; };
		5B25589518683EBA0034DD14 /* ASIHTTPRequestDelegate.h */ = {isa = PBXFileReference; fileEncoding = 4; lastKnownFileType = sourcecode.c.h; path = ASIHTTPRequestDelegate.h; sourceTree = "<group>"; };
		5B25589618683EBA0034DD14 /* ASIInputStream.h */ = {isa = PBXFileReference; fileEncoding = 4; lastKnownFileType = sourcecode.c.h; path = ASIInputStream.h; sourceTree = "<group>"; };
		5B25589718683EBA0034DD14 /* ASIInputStream.m */ = {isa = PBXFileReference; fileEncoding = 4; lastKnownFileType = sourcecode.c.objc; path = ASIInputStream.m; sourceTree = "<group>"; };
		5B25589818683EBA0034DD14 /* ASINetworkQueue.h */ = {isa = PBXFileReference; fileEncoding = 4; lastKnownFileType = sourcecode.c.h; path = ASINetworkQueue.h; sourceTree = "<group>"; };
		5B25589918683EBA0034DD14 /* ASINetworkQueue.m */ = {isa = PBXFileReference; fileEncoding = 4; lastKnownFileType = sourcecode.c.objc; path = ASINetworkQueue.m; sourceTree = "<group>"; };
		5B25589A18683EBA0034DD14 /* ASIProgressDelegate.h */ = {isa = PBXFileReference; fileEncoding = 4; lastKnownFileType = sourcecode.c.h; path = ASIProgressDelegate.h; sourceTree = "<group>"; };
		5B25589C18683EBA0034DD14 /* Reachability.h */ = {isa = PBXFileReference; fileEncoding = 4; lastKnownFileType = sourcecode.c.h; path = Reachability.h; sourceTree = "<group>"; };
		5B25589D18683EBA0034DD14 /* Reachability.m */ = {isa = PBXFileReference; fileEncoding = 4; lastKnownFileType = sourcecode.c.objc; path = Reachability.m; sourceTree = "<group>"; };
		5B2558A918683FB00034DD14 /* FMDatabase+InMemoryOnDiskIO.h */ = {isa = PBXFileReference; fileEncoding = 4; lastKnownFileType = sourcecode.c.h; path = "FMDatabase+InMemoryOnDiskIO.h"; sourceTree = "<group>"; };
		5B2558AA18683FB00034DD14 /* FMDatabase+InMemoryOnDiskIO.m */ = {isa = PBXFileReference; fileEncoding = 4; lastKnownFileType = sourcecode.c.objc; path = "FMDatabase+InMemoryOnDiskIO.m"; sourceTree = "<group>"; };
		5B2558AB18683FB00034DD14 /* FMDatabase.h */ = {isa = PBXFileReference; fileEncoding = 4; lastKnownFileType = sourcecode.c.h; path = FMDatabase.h; sourceTree = "<group>"; };
		5B2558AC18683FB00034DD14 /* FMDatabase.m */ = {isa = PBXFileReference; fileEncoding = 4; lastKnownFileType = sourcecode.c.objc; path = FMDatabase.m; sourceTree = "<group>"; };
		5B2558AD18683FB00034DD14 /* FMDatabaseAdditions.h */ = {isa = PBXFileReference; fileEncoding = 4; lastKnownFileType = sourcecode.c.h; path = FMDatabaseAdditions.h; sourceTree = "<group>"; };
		5B2558AE18683FB00034DD14 /* FMDatabaseAdditions.m */ = {isa = PBXFileReference; fileEncoding = 4; lastKnownFileType = sourcecode.c.objc; path = FMDatabaseAdditions.m; sourceTree = "<group>"; };
		5B2558AF18683FB00034DD14 /* FMDatabasePool.h */ = {isa = PBXFileReference; fileEncoding = 4; lastKnownFileType = sourcecode.c.h; path = FMDatabasePool.h; sourceTree = "<group>"; };
		5B2558B018683FB00034DD14 /* FMDatabasePool.m */ = {isa = PBXFileReference; fileEncoding = 4; lastKnownFileType = sourcecode.c.objc; path = FMDatabasePool.m; sourceTree = "<group>"; };
		5B2558B118683FB00034DD14 /* FMDatabaseQueue.h */ = {isa = PBXFileReference; fileEncoding = 4; lastKnownFileType = sourcecode.c.h; path = FMDatabaseQueue.h; sourceTree = "<group>"; };
		5B2558B218683FB00034DD14 /* FMDatabaseQueue.m */ = {isa = PBXFileReference; fileEncoding = 4; lastKnownFileType = sourcecode.c.objc; path = FMDatabaseQueue.m; sourceTree = "<group>"; };
		5B2558B318683FB00034DD14 /* FMResultSet.h */ = {isa = PBXFileReference; fileEncoding = 4; lastKnownFileType = sourcecode.c.h; path = FMResultSet.h; sourceTree = "<group>"; };
		5B2558B418683FB00034DD14 /* FMResultSet.m */ = {isa = PBXFileReference; fileEncoding = 4; lastKnownFileType = sourcecode.c.objc; path = FMResultSet.m; sourceTree = "<group>"; };
		5B2558BB18683FC20034DD14 /* libsqlite3.0.dylib */ = {isa = PBXFileReference; lastKnownFileType = "compiled.mach-o.dylib"; name = libsqlite3.0.dylib; path = usr/lib/libsqlite3.0.dylib; sourceTree = SDKROOT; };
		5B2558BF186840C50034DD14 /* NSData+Base64.h */ = {isa = PBXFileReference; fileEncoding = 4; lastKnownFileType = sourcecode.c.h; path = "NSData+Base64.h"; sourceTree = "<group>"; };
		5B2558C0186840C50034DD14 /* NSData+Base64.m */ = {isa = PBXFileReference; fileEncoding = 4; lastKnownFileType = sourcecode.c.objc; path = "NSData+Base64.m"; sourceTree = "<group>"; };
		5B2558C1186840C50034DD14 /* NSString+Base64.h */ = {isa = PBXFileReference; fileEncoding = 4; lastKnownFileType = sourcecode.c.h; path = "NSString+Base64.h"; sourceTree = "<group>"; };
		5B2558C2186840C50034DD14 /* NSString+Base64.m */ = {isa = PBXFileReference; fileEncoding = 4; lastKnownFileType = sourcecode.c.objc; path = "NSString+Base64.m"; sourceTree = "<group>"; };
		5B2558C5186840C50034DD14 /* JSONKit.h */ = {isa = PBXFileReference; fileEncoding = 4; lastKnownFileType = sourcecode.c.h; path = JSONKit.h; sourceTree = "<group>"; };
		5B2558C6186840C50034DD14 /* JSONKit.m */ = {isa = PBXFileReference; fileEncoding = 4; lastKnownFileType = sourcecode.c.objc; path = JSONKit.m; sourceTree = "<group>"; };
		5B2558CC1868471E0034DD14 /* DDAbstractDatabaseLogger.h */ = {isa = PBXFileReference; fileEncoding = 4; lastKnownFileType = sourcecode.c.h; path = DDAbstractDatabaseLogger.h; sourceTree = "<group>"; };
		5B2558CD1868471E0034DD14 /* DDAbstractDatabaseLogger.m */ = {isa = PBXFileReference; fileEncoding = 4; lastKnownFileType = sourcecode.c.objc; path = DDAbstractDatabaseLogger.m; sourceTree = "<group>"; };
		5B2558CE1868471E0034DD14 /* DDASLLogger.h */ = {isa = PBXFileReference; fileEncoding = 4; lastKnownFileType = sourcecode.c.h; path = DDASLLogger.h; sourceTree = "<group>"; };
		5B2558CF1868471E0034DD14 /* DDASLLogger.m */ = {isa = PBXFileReference; fileEncoding = 4; lastKnownFileType = sourcecode.c.objc; path = DDASLLogger.m; sourceTree = "<group>"; };
		5B2558D01868471E0034DD14 /* DDFileLogger.h */ = {isa = PBXFileReference; fileEncoding = 4; lastKnownFileType = sourcecode.c.h; path = DDFileLogger.h; sourceTree = "<group>"; };
		5B2558D11868471E0034DD14 /* DDFileLogger.m */ = {isa = PBXFileReference; fileEncoding = 4; lastKnownFileType = sourcecode.c.objc; path = DDFileLogger.m; sourceTree = "<group>"; };
		5B2558D21868471E0034DD14 /* DDLog+LOGV.h */ = {isa = PBXFileReference; fileEncoding = 4; lastKnownFileType = sourcecode.c.h; path = "DDLog+LOGV.h"; sourceTree = "<group>"; };
		5B2558D31868471E0034DD14 /* DDLog.h */ = {isa = PBXFileReference; fileEncoding = 4; lastKnownFileType = sourcecode.c.h; path = DDLog.h; sourceTree = "<group>"; };
		5B2558D41868471E0034DD14 /* DDLog.m */ = {isa = PBXFileReference; fileEncoding = 4; lastKnownFileType = sourcecode.c.objc; path = DDLog.m; sourceTree = "<group>"; };
		5B2558D51868471E0034DD14 /* DDTTYLogger.h */ = {isa = PBXFileReference; fileEncoding = 4; lastKnownFileType = sourcecode.c.h; path = DDTTYLogger.h; sourceTree = "<group>"; };
		5B2558D61868471E0034DD14 /* DDTTYLogger.m */ = {isa = PBXFileReference; fileEncoding = 4; lastKnownFileType = sourcecode.c.objc; path = DDTTYLogger.m; sourceTree = "<group>"; };
		5B2558D81868471E0034DD14 /* DDContextFilterLogFormatter.h */ = {isa = PBXFileReference; fileEncoding = 4; lastKnownFileType = sourcecode.c.h; path = DDContextFilterLogFormatter.h; sourceTree = "<group>"; };
		5B2558D91868471E0034DD14 /* DDContextFilterLogFormatter.m */ = {isa = PBXFileReference; fileEncoding = 4; lastKnownFileType = sourcecode.c.objc; path = DDContextFilterLogFormatter.m; sourceTree = "<group>"; };
		5B2558DA1868471E0034DD14 /* DDDispatchQueueLogFormatter.h */ = {isa = PBXFileReference; fileEncoding = 4; lastKnownFileType = sourcecode.c.h; path = DDDispatchQueueLogFormatter.h; sourceTree = "<group>"; };
		5B2558DB1868471E0034DD14 /* DDDispatchQueueLogFormatter.m */ = {isa = PBXFileReference; fileEncoding = 4; lastKnownFileType = sourcecode.c.objc; path = DDDispatchQueueLogFormatter.m; sourceTree = "<group>"; };
		5B2558DC1868471E0034DD14 /* DDMultiFormatter.h */ = {isa = PBXFileReference; fileEncoding = 4; lastKnownFileType = sourcecode.c.h; path = DDMultiFormatter.h; sourceTree = "<group>"; };
		5B2558DD1868471E0034DD14 /* DDMultiFormatter.m */ = {isa = PBXFileReference; fileEncoding = 4; lastKnownFileType = sourcecode.c.objc; path = DDMultiFormatter.m; sourceTree = "<group>"; };
		5B2558DE1868471E0034DD14 /* README.txt */ = {isa = PBXFileReference; fileEncoding = 4; lastKnownFileType = text; path = README.txt; sourceTree = "<group>"; };
		5B6B13501863F91200478F28 /* CustomizedMethod.app */ = {isa = PBXFileReference; explicitFileType = wrapper.application; includeInIndex = 0; path = CustomizedMethod.app; sourceTree = BUILT_PRODUCTS_DIR; };
		5B6B13531863F91200478F28 /* Foundation.framework */ = {isa = PBXFileReference; lastKnownFileType = wrapper.framework; name = Foundation.framework; path = System/Library/Frameworks/Foundation.framework; sourceTree = SDKROOT; };
		5B6B13551863F91200478F28 /* CoreGraphics.framework */ = {isa = PBXFileReference; lastKnownFileType = wrapper.framework; name = CoreGraphics.framework; path = System/Library/Frameworks/CoreGraphics.framework; sourceTree = SDKROOT; };
		5B6B13571863F91200478F28 /* UIKit.framework */ = {isa = PBXFileReference; lastKnownFileType = wrapper.framework; name = UIKit.framework; path = System/Library/Frameworks/UIKit.framework; sourceTree = SDKROOT; };
		5B6B135B1863F91200478F28 /* CustomizedMethod-Info.plist */ = {isa = PBXFileReference; lastKnownFileType = text.plist.xml; path = "CustomizedMethod-Info.plist"; sourceTree = "<group>"; };
		5B6B135D1863F91200478F28 /* en */ = {isa = PBXFileReference; lastKnownFileType = text.plist.strings; name = en; path = en.lproj/InfoPlist.strings; sourceTree = "<group>"; };
		5B6B135F1863F91200478F28 /* main.m */ = {isa = PBXFileReference; lastKnownFileType = sourcecode.c.objc; path = main.m; sourceTree = "<group>"; };
		5B6B13611863F91200478F28 /* CustomizedMethod-Prefix.pch */ = {isa = PBXFileReference; lastKnownFileType = sourcecode.c.h; path = "CustomizedMethod-Prefix.pch"; sourceTree = "<group>"; };
		5B6B13621863F91200478F28 /* hplAppDelegate.h */ = {isa = PBXFileReference; lastKnownFileType = sourcecode.c.h; path = hplAppDelegate.h; sourceTree = "<group>"; };
		5B6B13631863F91200478F28 /* hplAppDelegate.m */ = {isa = PBXFileReference; lastKnownFileType = sourcecode.c.objc; path = hplAppDelegate.m; sourceTree = "<group>"; };
		5B6B13651863F91200478F28 /* Images.xcassets */ = {isa = PBXFileReference; lastKnownFileType = folder.assetcatalog; path = Images.xcassets; sourceTree = "<group>"; };
		5B6B136B1863F91200478F28 /* CustomizedMethodTests.xctest */ = {isa = PBXFileReference; explicitFileType = wrapper.cfbundle; includeInIndex = 0; path = CustomizedMethodTests.xctest; sourceTree = BUILT_PRODUCTS_DIR; };
		5B6B136C1863F91200478F28 /* XCTest.framework */ = {isa = PBXFileReference; lastKnownFileType = wrapper.framework; name = XCTest.framework; path = Library/Frameworks/XCTest.framework; sourceTree = DEVELOPER_DIR; };
		5B6B13741863F91200478F28 /* CustomizedMethodTests-Info.plist */ = {isa = PBXFileReference; lastKnownFileType = text.plist.xml; path = "CustomizedMethodTests-Info.plist"; sourceTree = "<group>"; };
		5B6B13761863F91200478F28 /* en */ = {isa = PBXFileReference; lastKnownFileType = text.plist.strings; name = en; path = en.lproj/InfoPlist.strings; sourceTree = "<group>"; };
		5B6B13781863F91200478F28 /* CustomizedMethodTests.m */ = {isa = PBXFileReference; lastKnownFileType = sourcecode.c.objc; path = CustomizedMethodTests.m; sourceTree = "<group>"; };
/* End PBXFileReference section */

/* Begin PBXFrameworksBuildPhase section */
		5B6B134D1863F91200478F28 /* Frameworks */ = {
			isa = PBXFrameworksBuildPhase;
			buildActionMask = 2147483647;
			files = (
				5B2558BC18683FC20034DD14 /* libsqlite3.0.dylib in Frameworks */,
				5B25588418683DCE0034DD14 /* libz.dylib in Frameworks */,
				5B25588218683DBB0034DD14 /* SystemConfiguration.framework in Frameworks */,
				5B25588018683DB20034DD14 /* Security.framework in Frameworks */,
				5B25587E18683DA90034DD14 /* MobileCoreServices.framework in Frameworks */,
				5B25587C18683D970034DD14 /* CFNetwork.framework in Frameworks */,
				5B6B13561863F91200478F28 /* CoreGraphics.framework in Frameworks */,
				5B6B13581863F91200478F28 /* UIKit.framework in Frameworks */,
				5B6B13541863F91200478F28 /* Foundation.framework in Frameworks */,
			);
			runOnlyForDeploymentPostprocessing = 0;
		};
		5B6B13681863F91200478F28 /* Frameworks */ = {
			isa = PBXFrameworksBuildPhase;
			buildActionMask = 2147483647;
			files = (
				5B6B136D1863F91200478F28 /* XCTest.framework in Frameworks */,
				5B6B136F1863F91200478F28 /* UIKit.framework in Frameworks */,
				5B6B136E1863F91200478F28 /* Foundation.framework in Frameworks */,
			);
			runOnlyForDeploymentPostprocessing = 0;
		};
/* End PBXFrameworksBuildPhase section */

/* Begin PBXGroup section */
		5B25588518683EBA0034DD14 /* ASIHTTPRequestGroup */ = {
			isa = PBXGroup;
			children = (
				5B25588618683EBA0034DD14 /* ASIHTTPRequest */,
				5B25589B18683EBA0034DD14 /* Reachability */,
			);
			path = ASIHTTPRequestGroup;
			sourceTree = "<group>";
		};
		5B25588618683EBA0034DD14 /* ASIHTTPRequest */ = {
			isa = PBXGroup;
			children = (
				5B25588718683EBA0034DD14 /* ASIAuthenticationDialog.h */,
				5B25588818683EBA0034DD14 /* ASIAuthenticationDialog.m */,
				5B25588918683EBA0034DD14 /* ASICacheDelegate.h */,
				5B25588A18683EBA0034DD14 /* ASIDataCompressor.h */,
				5B25588B18683EBA0034DD14 /* ASIDataCompressor.m */,
				5B25588C18683EBA0034DD14 /* ASIDataDecompressor.h */,
				5B25588D18683EBA0034DD14 /* ASIDataDecompressor.m */,
				5B25588E18683EBA0034DD14 /* ASIDownloadCache.h */,
				5B25588F18683EBA0034DD14 /* ASIDownloadCache.m */,
				5B25589018683EBA0034DD14 /* ASIFormDataRequest.h */,
				5B25589118683EBA0034DD14 /* ASIFormDataRequest.m */,
				5B25589218683EBA0034DD14 /* ASIHTTPRequest.h */,
				5B25589318683EBA0034DD14 /* ASIHTTPRequest.m */,
				5B25589418683EBA0034DD14 /* ASIHTTPRequestConfig.h */,
				5B25589518683EBA0034DD14 /* ASIHTTPRequestDelegate.h */,
				5B25589618683EBA0034DD14 /* ASIInputStream.h */,
				5B25589718683EBA0034DD14 /* ASIInputStream.m */,
				5B25589818683EBA0034DD14 /* ASINetworkQueue.h */,
				5B25589918683EBA0034DD14 /* ASINetworkQueue.m */,
				5B25589A18683EBA0034DD14 /* ASIProgressDelegate.h */,
			);
			path = ASIHTTPRequest;
			sourceTree = "<group>";
		};
		5B25589B18683EBA0034DD14 /* Reachability */ = {
			isa = PBXGroup;
			children = (
				5B25589C18683EBA0034DD14 /* Reachability.h */,
				5B25589D18683EBA0034DD14 /* Reachability.m */,
			);
			path = Reachability;
			sourceTree = "<group>";
		};
		5B2558A718683FB00034DD14 /* FMDBGroup */ = {
			isa = PBXGroup;
			children = (
				5B2558A818683FB00034DD14 /* FMDB */,
			);
			path = FMDBGroup;
			sourceTree = "<group>";
		};
		5B2558A818683FB00034DD14 /* FMDB */ = {
			isa = PBXGroup;
			children = (
				5B2558A918683FB00034DD14 /* FMDatabase+InMemoryOnDiskIO.h */,
				5B2558AA18683FB00034DD14 /* FMDatabase+InMemoryOnDiskIO.m */,
				5B2558AB18683FB00034DD14 /* FMDatabase.h */,
				5B2558AC18683FB00034DD14 /* FMDatabase.m */,
				5B2558AD18683FB00034DD14 /* FMDatabaseAdditions.h */,
				5B2558AE18683FB00034DD14 /* FMDatabaseAdditions.m */,
				5B2558AF18683FB00034DD14 /* FMDatabasePool.h */,
				5B2558B018683FB00034DD14 /* FMDatabasePool.m */,
				5B2558B118683FB00034DD14 /* FMDatabaseQueue.h */,
				5B2558B218683FB00034DD14 /* FMDatabaseQueue.m */,
				5B2558B318683FB00034DD14 /* FMResultSet.h */,
				5B2558B418683FB00034DD14 /* FMResultSet.m */,
			);
			path = FMDB;
			sourceTree = "<group>";
		};
		5B2558BD186840C50034DD14 /* Base64Group */ = {
			isa = PBXGroup;
			children = (
				5B2558BE186840C50034DD14 /* Base64 */,
			);
			path = Base64Group;
			sourceTree = "<group>";
		};
		5B2558BE186840C50034DD14 /* Base64 */ = {
			isa = PBXGroup;
			children = (
				5B2558BF186840C50034DD14 /* NSData+Base64.h */,
				5B2558C0186840C50034DD14 /* NSData+Base64.m */,
				5B2558C1186840C50034DD14 /* NSString+Base64.h */,
				5B2558C2186840C50034DD14 /* NSString+Base64.m */,
			);
			path = Base64;
			sourceTree = "<group>";
		};
		5B2558C3186840C50034DD14 /* JSONGroup */ = {
			isa = PBXGroup;
			children = (
				5B2558C4186840C50034DD14 /* JSON */,
			);
			path = JSONGroup;
			sourceTree = "<group>";
		};
		5B2558C4186840C50034DD14 /* JSON */ = {
			isa = PBXGroup;
			children = (
				5B2558C5186840C50034DD14 /* JSONKit.h */,
				5B2558C6186840C50034DD14 /* JSONKit.m */,
			);
			path = JSON;
			sourceTree = "<group>";
		};
		5B2558CA1868471E0034DD14 /* LumberjackGroup */ = {
			isa = PBXGroup;
			children = (
				5B2558CB1868471E0034DD14 /* Lumberjack */,
			);
			path = LumberjackGroup;
			sourceTree = "<group>";
		};
		5B2558CB1868471E0034DD14 /* Lumberjack */ = {
			isa = PBXGroup;
			children = (
				5B2558CC1868471E0034DD14 /* DDAbstractDatabaseLogger.h */,
				5B2558CD1868471E0034DD14 /* DDAbstractDatabaseLogger.m */,
				5B2558CE1868471E0034DD14 /* DDASLLogger.h */,
				5B2558CF1868471E0034DD14 /* DDASLLogger.m */,
				5B2558D01868471E0034DD14 /* DDFileLogger.h */,
				5B2558D11868471E0034DD14 /* DDFileLogger.m */,
				5B2558D21868471E0034DD14 /* DDLog+LOGV.h */,
				5B2558D31868471E0034DD14 /* DDLog.h */,
				5B2558D41868471E0034DD14 /* DDLog.m */,
				5B2558D51868471E0034DD14 /* DDTTYLogger.h */,
				5B2558D61868471E0034DD14 /* DDTTYLogger.m */,
				5B2558D71868471E0034DD14 /* Extensions */,
			);
			path = Lumberjack;
			sourceTree = "<group>";
		};
		5B2558D71868471E0034DD14 /* Extensions */ = {
			isa = PBXGroup;
			children = (
				5B2558D81868471E0034DD14 /* DDContextFilterLogFormatter.h */,
				5B2558D91868471E0034DD14 /* DDContextFilterLogFormatter.m */,
				5B2558DA1868471E0034DD14 /* DDDispatchQueueLogFormatter.h */,
				5B2558DB1868471E0034DD14 /* DDDispatchQueueLogFormatter.m */,
				5B2558DC1868471E0034DD14 /* DDMultiFormatter.h */,
				5B2558DD1868471E0034DD14 /* DDMultiFormatter.m */,
				5B2558DE1868471E0034DD14 /* README.txt */,
			);
			path = Extensions;
			sourceTree = "<group>";
		};
		5B6B13471863F91200478F28 = {
			isa = PBXGroup;
			children = (
				5B76055518640E9C0045A591 /* ExternalLibrary */,
				5B6B13591863F91200478F28 /* CustomizedMethod */,
				5B6B13721863F91200478F28 /* CustomizedMethodTests */,
				5B6B13521863F91200478F28 /* Frameworks */,
				5B6B13511863F91200478F28 /* Products */,
			);
			sourceTree = "<group>";
		};
		5B6B13511863F91200478F28 /* Products */ = {
			isa = PBXGroup;
			children = (
				5B6B13501863F91200478F28 /* CustomizedMethod.app */,
				5B6B136B1863F91200478F28 /* CustomizedMethodTests.xctest */,
			);
			name = Products;
			sourceTree = "<group>";
		};
		5B6B13521863F91200478F28 /* Frameworks */ = {
			isa = PBXGroup;
			children = (
				5B2558BB18683FC20034DD14 /* libsqlite3.0.dylib */,
				5B25588318683DCE0034DD14 /* libz.dylib */,
				5B25588118683DBB0034DD14 /* SystemConfiguration.framework */,
				5B25587F18683DB20034DD14 /* Security.framework */,
				5B25587D18683DA90034DD14 /* MobileCoreServices.framework */,
				5B25587B18683D970034DD14 /* CFNetwork.framework */,
				5B6B13531863F91200478F28 /* Foundation.framework */,
				5B6B13551863F91200478F28 /* CoreGraphics.framework */,
				5B6B13571863F91200478F28 /* UIKit.framework */,
				5B6B136C1863F91200478F28 /* XCTest.framework */,
			);
			name = Frameworks;
			sourceTree = "<group>";
		};
		5B6B13591863F91200478F28 /* CustomizedMethod */ = {
			isa = PBXGroup;
			children = (
				5B6B13621863F91200478F28 /* hplAppDelegate.h */,
				5B6B13631863F91200478F28 /* hplAppDelegate.m */,
				5B6B13651863F91200478F28 /* Images.xcassets */,
				5B6B135A1863F91200478F28 /* Supporting Files */,
			);
			path = CustomizedMethod;
			sourceTree = "<group>";
		};
		5B6B135A1863F91200478F28 /* Supporting Files */ = {
			isa = PBXGroup;
			children = (
				5B6B135B1863F91200478F28 /* CustomizedMethod-Info.plist */,
				5B6B135C1863F91200478F28 /* InfoPlist.strings */,
				5B6B135F1863F91200478F28 /* main.m */,
				5B6B13611863F91200478F28 /* CustomizedMethod-Prefix.pch */,
			);
			name = "Supporting Files";
			sourceTree = "<group>";
		};
		5B6B13721863F91200478F28 /* CustomizedMethodTests */ = {
			isa = PBXGroup;
			children = (
				5B6B13781863F91200478F28 /* CustomizedMethodTests.m */,
				5B6B13731863F91200478F28 /* Supporting Files */,
			);
			path = CustomizedMethodTests;
			sourceTree = "<group>";
		};
		5B6B13731863F91200478F28 /* Supporting Files */ = {
			isa = PBXGroup;
			children = (
				5B6B13741863F91200478F28 /* CustomizedMethodTests-Info.plist */,
				5B6B13751863F91200478F28 /* InfoPlist.strings */,
			);
			name = "Supporting Files";
			sourceTree = "<group>";
		};
		5B76055518640E9C0045A591 /* ExternalLibrary */ = {
			isa = PBXGroup;
			children = (
				5B2558CA1868471E0034DD14 /* LumberjackGroup */,
				5B2558BD186840C50034DD14 /* Base64Group */,
				5B2558C3186840C50034DD14 /* JSONGroup */,
				5B2558A718683FB00034DD14 /* FMDBGroup */,
				5B25588518683EBA0034DD14 /* ASIHTTPRequestGroup */,
			);
			path = ExternalLibrary;
			sourceTree = "<group>";
		};
/* End PBXGroup section */

/* Begin PBXNativeTarget section */
		5B6B134F1863F91200478F28 /* CustomizedMethod */ = {
			isa = PBXNativeTarget;
			buildConfigurationList = 5B6B137C1863F91200478F28 /* Build configuration list for PBXNativeTarget "CustomizedMethod" */;
			buildPhases = (
				5B6B134C1863F91200478F28 /* Sources */,
				5B6B134D1863F91200478F28 /* Frameworks */,
				5B6B134E1863F91200478F28 /* Resources */,
			);
			buildRules = (
			);
			dependencies = (
			);
			name = CustomizedMethod;
			productName = CustomizedMethod;
			productReference = 5B6B13501863F91200478F28 /* CustomizedMethod.app */;
			productType = "com.apple.product-type.application";
		};
		5B6B136A1863F91200478F28 /* CustomizedMethodTests */ = {
			isa = PBXNativeTarget;
			buildConfigurationList = 5B6B137F1863F91200478F28 /* Build configuration list for PBXNativeTarget "CustomizedMethodTests" */;
			buildPhases = (
				5B6B13671863F91200478F28 /* Sources */,
				5B6B13681863F91200478F28 /* Frameworks */,
				5B6B13691863F91200478F28 /* Resources */,
			);
			buildRules = (
			);
			dependencies = (
				5B6B13711863F91200478F28 /* PBXTargetDependency */,
			);
			name = CustomizedMethodTests;
			productName = CustomizedMethodTests;
			productReference = 5B6B136B1863F91200478F28 /* CustomizedMethodTests.xctest */;
			productType = "com.apple.product-type.bundle.unit-test";
		};
/* End PBXNativeTarget section */

/* Begin PBXProject section */
		5B6B13481863F91200478F28 /* Project object */ = {
			isa = PBXProject;
			attributes = {
				CLASSPREFIX = hpl;
				LastUpgradeCheck = 0500;
				ORGANIZATIONNAME = minfo;
				TargetAttributes = {
					5B6B136A1863F91200478F28 = {
						TestTargetID = 5B6B134F1863F91200478F28;
					};
				};
			};
			buildConfigurationList = 5B6B134B1863F91200478F28 /* Build configuration list for PBXProject "CustomizedMethod" */;
			compatibilityVersion = "Xcode 3.2";
			developmentRegion = English;
			hasScannedForEncodings = 0;
			knownRegions = (
				en,
			);
			mainGroup = 5B6B13471863F91200478F28;
			productRefGroup = 5B6B13511863F91200478F28 /* Products */;
			projectDirPath = "";
			projectRoot = "";
			targets = (
				5B6B134F1863F91200478F28 /* CustomizedMethod */,
				5B6B136A1863F91200478F28 /* CustomizedMethodTests */,
			);
		};
/* End PBXProject section */

/* Begin PBXResourcesBuildPhase section */
		5B6B134E1863F91200478F28 /* Resources */ = {
			isa = PBXResourcesBuildPhase;
			buildActionMask = 2147483647;
			files = (
				5B6B135E1863F91200478F28 /* InfoPlist.strings in Resources */,
				5B2558E71868471E0034DD14 /* README.txt in Resources */,
				5B6B13661863F91200478F28 /* Images.xcassets in Resources */,
			);
			runOnlyForDeploymentPostprocessing = 0;
		};
		5B6B13691863F91200478F28 /* Resources */ = {
			isa = PBXResourcesBuildPhase;
			buildActionMask = 2147483647;
			files = (
				5B6B13771863F91200478F28 /* InfoPlist.strings in Resources */,
			);
			runOnlyForDeploymentPostprocessing = 0;
		};
/* End PBXResourcesBuildPhase section */

/* Begin PBXSourcesBuildPhase section */
		5B6B134C1863F91200478F28 /* Sources */ = {
			isa = PBXSourcesBuildPhase;
			buildActionMask = 2147483647;
			files = (
				5B2558A218683EBA0034DD14 /* ASIFormDataRequest.m in Sources */,
				5B2558A318683EBA0034DD14 /* ASIHTTPRequest.m in Sources */,
				5B2558E11868471E0034DD14 /* DDFileLogger.m in Sources */,
				5B2558B618683FB00034DD14 /* FMDatabase.m in Sources */,
				5B6B13601863F91200478F28 /* main.m in Sources */,
				5B2558A618683EBA0034DD14 /* Reachability.m in Sources */,
				5B2558B718683FB00034DD14 /* FMDatabaseAdditions.m in Sources */,
				5B25589E18683EBA0034DD14 /* ASIAuthenticationDialog.m in Sources */,
				5B2558B818683FB00034DD14 /* FMDatabasePool.m in Sources */,
				5B2558A518683EBA0034DD14 /* ASINetworkQueue.m in Sources */,
				5B2558B918683FB00034DD14 /* FMDatabaseQueue.m in Sources */,
				5B2558E31868471E0034DD14 /* DDTTYLogger.m in Sources */,
				5B2558C8186840C50034DD14 /* NSString+Base64.m in Sources */,
				5B2558E21868471E0034DD14 /* DDLog.m in Sources */,
				5B2558DF1868471E0034DD14 /* DDAbstractDatabaseLogger.m in Sources */,
				5B2558A118683EBA0034DD14 /* ASIDownloadCache.m in Sources */,
				5B2558A418683EBA0034DD14 /* ASIInputStream.m in Sources */,
				5B2558E01868471E0034DD14 /* DDASLLogger.m in Sources */,
				5B25589F18683EBA0034DD14 /* ASIDataCompressor.m in Sources */,
				5B2558E41868471E0034DD14 /* DDContextFilterLogFormatter.m in Sources */,
				5B2558E51868471E0034DD14 /* DDDispatchQueueLogFormatter.m in Sources */,
				5B2558C9186840C50034DD14 /* JSONKit.m in Sources */,
				5B2558BA18683FB00034DD14 /* FMResultSet.m in Sources */,
				5B6B13641863F91200478F28 /* hplAppDelegate.m in Sources */,
				5B2558E61868471E0034DD14 /* DDMultiFormatter.m in Sources */,
				5B2558A018683EBA0034DD14 /* ASIDataDecompressor.m in Sources */,
				5B2558B518683FB00034DD14 /* FMDatabase+InMemoryOnDiskIO.m in Sources */,
				5B2558C7186840C50034DD14 /* NSData+Base64.m in Sources */,
			);
			runOnlyForDeploymentPostprocessing = 0;
		};
		5B6B13671863F91200478F28 /* Sources */ = {
			isa = PBXSourcesBuildPhase;
			buildActionMask = 2147483647;
			files = (
				5B6B13791863F91200478F28 /* CustomizedMethodTests.m in Sources */,
			);
			runOnlyForDeploymentPostprocessing = 0;
		};
/* End PBXSourcesBuildPhase section */

/* Begin PBXTargetDependency section */
		5B6B13711863F91200478F28 /* PBXTargetDependency */ = {
			isa = PBXTargetDependency;
			target = 5B6B134F1863F91200478F28 /* CustomizedMethod */;
			targetProxy = 5B6B13701863F91200478F28 /* PBXContainerItemProxy */;
		};
/* End PBXTargetDependency section */

/* Begin PBXVariantGroup section */
		5B6B135C1863F91200478F28 /* InfoPlist.strings */ = {
			isa = PBXVariantGroup;
			children = (
				5B6B135D1863F91200478F28 /* en */,
			);
			name = InfoPlist.strings;
			sourceTree = "<group>";
		};
		5B6B13751863F91200478F28 /* InfoPlist.strings */ = {
			isa = PBXVariantGroup;
			children = (
				5B6B13761863F91200478F28 /* en */,
			);
			name = InfoPlist.strings;
			sourceTree = "<group>";
		};
/* End PBXVariantGroup section */

/* Begin XCBuildConfiguration section */
		5B6B137A1863F91200478F28 /* Debug */ = {
			isa = XCBuildConfiguration;
			buildSettings = {
				ALWAYS_SEARCH_USER_PATHS = NO;
				ARCHS = "$(ARCHS_STANDARD_INCLUDING_64_BIT)";
				CLANG_CXX_LANGUAGE_STANDARD = "gnu++0x";
				CLANG_CXX_LIBRARY = "libc++";
				CLANG_ENABLE_MODULES = YES;
				CLANG_ENABLE_OBJC_ARC = YES;
				CLANG_WARN_BOOL_CONVERSION = YES;
				CLANG_WARN_CONSTANT_CONVERSION = YES;
				CLANG_WARN_DIRECT_OBJC_ISA_USAGE = YES_ERROR;
				CLANG_WARN_EMPTY_BODY = YES;
				CLANG_WARN_ENUM_CONVERSION = YES;
				CLANG_WARN_INT_CONVERSION = YES;
				CLANG_WARN_OBJC_ROOT_CLASS = YES_ERROR;
				CLANG_WARN__DUPLICATE_METHOD_MATCH = YES;
				"CODE_SIGN_IDENTITY[sdk=iphoneos*]" = "iPhone Developer";
				COPY_PHASE_STRIP = NO;
				GCC_C_LANGUAGE_STANDARD = gnu99;
				GCC_DYNAMIC_NO_PIC = NO;
				GCC_OPTIMIZATION_LEVEL = 0;
				GCC_PREPROCESSOR_DEFINITIONS = (
					"DEBUG=1",
					"$(inherited)",
				);
				GCC_SYMBOLS_PRIVATE_EXTERN = NO;
				GCC_WARN_64_TO_32_BIT_CONVERSION = YES;
				GCC_WARN_ABOUT_RETURN_TYPE = YES_ERROR;
				GCC_WARN_UNDECLARED_SELECTOR = YES;
				GCC_WARN_UNINITIALIZED_AUTOS = YES;
				GCC_WARN_UNUSED_FUNCTION = YES;
				GCC_WARN_UNUSED_VARIABLE = YES;
				IPHONEOS_DEPLOYMENT_TARGET = 6.0;
				ONLY_ACTIVE_ARCH = YES;
				SDKROOT = iphoneos;
				TARGETED_DEVICE_FAMILY = "1,2";
			};
			name = Debug;
		};
		5B6B137B1863F91200478F28 /* Release */ = {
			isa = XCBuildConfiguration;
			buildSettings = {
				ALWAYS_SEARCH_USER_PATHS = NO;
				ARCHS = "$(ARCHS_STANDARD_INCLUDING_64_BIT)";
				CLANG_CXX_LANGUAGE_STANDARD = "gnu++0x";
				CLANG_CXX_LIBRARY = "libc++";
				CLANG_ENABLE_MODULES = YES;
				CLANG_ENABLE_OBJC_ARC = YES;
				CLANG_WARN_BOOL_CONVERSION = YES;
				CLANG_WARN_CONSTANT_CONVERSION = YES;
				CLANG_WARN_DIRECT_OBJC_ISA_USAGE = YES_ERROR;
				CLANG_WARN_EMPTY_BODY = YES;
				CLANG_WARN_ENUM_CONVERSION = YES;
				CLANG_WARN_INT_CONVERSION = YES;
				CLANG_WARN_OBJC_ROOT_CLASS = YES_ERROR;
				CLANG_WARN__DUPLICATE_METHOD_MATCH = YES;
				"CODE_SIGN_IDENTITY[sdk=iphoneos*]" = "iPhone Developer";
				COPY_PHASE_STRIP = YES;
				ENABLE_NS_ASSERTIONS = NO;
				GCC_C_LANGUAGE_STANDARD = gnu99;
				GCC_WARN_64_TO_32_BIT_CONVERSION = YES;
				GCC_WARN_ABOUT_RETURN_TYPE = YES_ERROR;
				GCC_WARN_UNDECLARED_SELECTOR = YES;
				GCC_WARN_UNINITIALIZED_AUTOS = YES;
				GCC_WARN_UNUSED_FUNCTION = YES;
				GCC_WARN_UNUSED_VARIABLE = YES;
				IPHONEOS_DEPLOYMENT_TARGET = 6.0;
				SDKROOT = iphoneos;
				TARGETED_DEVICE_FAMILY = "1,2";
				VALIDATE_PRODUCT = YES;
			};
			name = Release;
		};
		5B6B137D1863F91200478F28 /* Debug */ = {
			isa = XCBuildConfiguration;
			buildSettings = {
				ASSETCATALOG_COMPILER_APPICON_NAME = AppIcon;
				ASSETCATALOG_COMPILER_LAUNCHIMAGE_NAME = LaunchImage;
				GCC_PRECOMPILE_PREFIX_HEADER = YES;
				GCC_PREFIX_HEADER = "CustomizedMethod/CustomizedMethod-Prefix.pch";
				INFOPLIST_FILE = "CustomizedMethod/CustomizedMethod-Info.plist";
				IPHONEOS_DEPLOYMENT_TARGET = 6.0;
				PRODUCT_NAME = "$(TARGET_NAME)";
				WRAPPER_EXTENSION = app;
			};
			name = Debug;
		};
		5B6B137E1863F91200478F28 /* Release */ = {
			isa = XCBuildConfiguration;
			buildSettings = {
				ASSETCATALOG_COMPILER_APPICON_NAME = AppIcon;
				ASSETCATALOG_COMPILER_LAUNCHIMAGE_NAME = LaunchImage;
				GCC_PRECOMPILE_PREFIX_HEADER = YES;
				GCC_PREFIX_HEADER = "CustomizedMethod/CustomizedMethod-Prefix.pch";
				INFOPLIST_FILE = "CustomizedMethod/CustomizedMethod-Info.plist";
				IPHONEOS_DEPLOYMENT_TARGET = 6.0;
				PRODUCT_NAME = "$(TARGET_NAME)";
				WRAPPER_EXTENSION = app;
			};
			name = Release;
		};
		5B6B13801863F91200478F28 /* Debug */ = {
			isa = XCBuildConfiguration;
			buildSettings = {
				ARCHS = "$(ARCHS_STANDARD_INCLUDING_64_BIT)";
				BUNDLE_LOADER = "$(BUILT_PRODUCTS_DIR)/CustomizedMethod.app/CustomizedMethod";
				FRAMEWORK_SEARCH_PATHS = (
					"$(SDKROOT)/Developer/Library/Frameworks",
					"$(inherited)",
					"$(DEVELOPER_FRAMEWORKS_DIR)",
				);
				GCC_PRECOMPILE_PREFIX_HEADER = YES;
				GCC_PREFIX_HEADER = "CustomizedMethod/CustomizedMethod-Prefix.pch";
				GCC_PREPROCESSOR_DEFINITIONS = (
					"DEBUG=1",
					"$(inherited)",
				);
				INFOPLIST_FILE = "CustomizedMethodTests/CustomizedMethodTests-Info.plist";
				PRODUCT_NAME = "$(TARGET_NAME)";
				TEST_HOST = "$(BUNDLE_LOADER)";
				WRAPPER_EXTENSION = xctest;
			};
			name = Debug;
		};
		5B6B13811863F91200478F28 /* Release */ = {
			isa = XCBuildConfiguration;
			buildSettings = {
				ARCHS = "$(ARCHS_STANDARD_INCLUDING_64_BIT)";
				BUNDLE_LOADER = "$(BUILT_PRODUCTS_DIR)/CustomizedMethod.app/CustomizedMethod";
				FRAMEWORK_SEARCH_PATHS = (
					"$(SDKROOT)/Developer/Library/Frameworks",
					"$(inherited)",
					"$(DEVELOPER_FRAMEWORKS_DIR)",
				);
				GCC_PRECOMPILE_PREFIX_HEADER = YES;
				GCC_PREFIX_HEADER = "CustomizedMethod/CustomizedMethod-Prefix.pch";
				INFOPLIST_FILE = "CustomizedMethodTests/CustomizedMethodTests-Info.plist";
				PRODUCT_NAME = "$(TARGET_NAME)";
				TEST_HOST = "$(BUNDLE_LOADER)";
				WRAPPER_EXTENSION = xctest;
			};
			name = Release;
		};
/* End XCBuildConfiguration section */

/* Begin XCConfigurationList section */
		5B6B134B1863F91200478F28 /* Build configuration list for PBXProject "CustomizedMethod" */ = {
			isa = XCConfigurationList;
			buildConfigurations = (
				5B6B137A1863F91200478F28 /* Debug */,
				5B6B137B1863F91200478F28 /* Release */,
			);
			defaultConfigurationIsVisible = 0;
			defaultConfigurationName = Release;
		};
		5B6B137C1863F91200478F28 /* Build configuration list for PBXNativeTarget "CustomizedMethod" */ = {
			isa = XCConfigurationList;
			buildConfigurations = (
				5B6B137D1863F91200478F28 /* Debug */,
				5B6B137E1863F91200478F28 /* Release */,
			);
			defaultConfigurationIsVisible = 0;
			defaultConfigurationName = Release;
		};
		5B6B137F1863F91200478F28 /* Build configuration list for PBXNativeTarget "CustomizedMethodTests" */ = {
			isa = XCConfigurationList;
			buildConfigurations = (
				5B6B13801863F91200478F28 /* Debug */,
				5B6B13811863F91200478F28 /* Release */,
			);
			defaultConfigurationIsVisible = 0;
			defaultConfigurationName = Release;
		};
/* End XCConfigurationList section */
	};
	rootObject = 5B6B13481863F91200478F28 /* Project object */;
}
